{
  "requires": true,
  "lockfileVersion": 1,
  "dependencies": {
    "papa": {
      "version": "0.0.0",
      "resolved": "https://registry.npmjs.org/papa/-/papa-0.0.0.tgz",
      "integrity": "sha1-X/Bzb+wrT3Zog4B+hc2uMG0xdCE="
    },
    "papaparse": {
      "version": "5.2.0",
      "resolved": "https://registry.npmjs.org/papaparse/-/papaparse-5.2.0.tgz",
      "integrity": "sha512-ylq1wgUSnagU+MKQtNeVqrPhZuMYBvOSL00DHycFTCxownF95gpLAk1HiHdUW77N8yxRq1qHXLdlIPyBSG9NSA=="
    }
  }
}
